
Microsoft Visual Studio Solution File, Format Version 12.00
# Visual Studio Version 17
VisualStudioVersion = 17.7.34221.43
MinimumVisualStudioVersion = 10.0.40219.1
Project("{9A19103F-16F7-4668-BE54-9A1E7A4F7556}") = "OnlineShop.Services.Auth.Api", "OnlineShop.Services.Auth.Api\OnlineShop.Services.Auth.Api.csproj", "{7FECDA66-0F09-4D1C-85B6-1B213ED27395}"
EndProject
Project("{2150E333-8FDC-42A3-9474-1A3956D46DE8}") = "Services", "Services", "{D6960493-CA30-49E5-81A5-FBE369F6F53B}"
EndProject
Project("{2150E333-8FDC-42A3-9474-1A3956D46DE8}") = "Auth", "Auth", "{C4DEAD12-D4BD-4A58-9C25-9F6A93D0B4DA}"
EndProject
Project("{9A19103F-16F7-4668-BE54-9A1E7A4F7556}") = "OnlineShop.Services.Auth.BusinessLayer", "OnlineShop.Services.Auth.BusinessLayer\OnlineShop.Services.Auth.BusinessLayer.csproj", "{9108F707-FBEB-452A-A414-7A3AFD4704A8}"
EndProject
Project("{9A19103F-16F7-4668-BE54-9A1E7A4F7556}") = "OnlineShop.Services.Auth.DataLayer", "OnlineShop.Services.Auth.DataLayer\OnlineShop.Services.Auth.DataLayer.csproj", "{5C379F72-8BC3-4541-BCB4-0645685C2744}"
EndProject
Project("{2150E333-8FDC-42A3-9474-1A3956D46DE8}") = "Catalog", "Catalog", "{0A9A6E9C-40FA-468D-833C-F0BEBBB2400E}"
EndProject
Project("{9A19103F-16F7-4668-BE54-9A1E7A4F7556}") = "OnlineShop.Services.Catalog.Api", "OnlineShop.Services.Catalog.Api\OnlineShop.Services.Catalog.Api.csproj", "{19149C6F-AB25-48CB-A6E4-1147AA4E4B3C}"
EndProject
Project("{9A19103F-16F7-4668-BE54-9A1E7A4F7556}") = "OnlineShop.Services.Catalog.Domain", "OnlineShop.Services.Catalog.Domain\OnlineShop.Services.Catalog.Domain.csproj", "{376C2608-3612-4D61-A9FE-35D053D728AB}"
EndProject
Project("{9A19103F-16F7-4668-BE54-9A1E7A4F7556}") = "OnlineShop.Services.Catalog.Infrastructure", "OnlineShop.Services.Catalog.Infrastructure\OnlineShop.Services.Catalog.Infrastructure.csproj", "{D8E1A208-9678-48A1-8F45-7FFFAC973DBF}"
EndProject
Project("{9A19103F-16F7-4668-BE54-9A1E7A4F7556}") = "OnlineShop.Services.Catalog.Application", "OnlineShop.Services.Catalog.Application\OnlineShop.Services.Catalog.Application.csproj", "{691232F4-CF3E-4EC3-B4FB-F300893470B6}"
EndProject
Project("{2150E333-8FDC-42A3-9474-1A3956D46DE8}") = "Basket", "Basket", "{2D7F7451-7FB2-4FB9-8F03-58CC9891CF5C}"
EndProject
Project("{9A19103F-16F7-4668-BE54-9A1E7A4F7556}") = "OnlineShop.Services.Basket.Api", "OnlineShop.Services.Basket.Api\OnlineShop.Services.Basket.Api.csproj", "{9435B095-12B9-4FAD-9C99-A120D07538F1}"
EndProject
Project("{9A19103F-16F7-4668-BE54-9A1E7A4F7556}") = "OnlineShop.Services.Basket.BusinessLayer", "OnlineShop.Services.Basket.BusinessLayer\OnlineShop.Services.Basket.BusinessLayer.csproj", "{A5AFCBF1-6591-4D60-9C71-F3BA02A866B7}"
EndProject
Project("{9A19103F-16F7-4668-BE54-9A1E7A4F7556}") = "OnlineShop.Services.Basket.DataLayer", "OnlineShop.Services.Basket.DataLayer\OnlineShop.Services.Basket.DataLayer.csproj", "{0381F796-3305-4202-9FC9-FE891EF91806}"
EndProject
Project("{E53339B2-1760-4266-BCC7-CA923CBCF16C}") = "docker-compose", "docker-compose.dcproj", "{489A9215-D879-49ED-AB9F-CBBB53CEBECD}"
EndProject
Project("{2150E333-8FDC-42A3-9474-1A3956D46DE8}") = "Order", "Order", "{DD0D4BE2-5811-4638-8FA5-3765A2450B26}"
EndProject
Project("{9A19103F-16F7-4668-BE54-9A1E7A4F7556}") = "OnlineShop.Services.Order.Api", "OnlineShop.Services.Order.Api\OnlineShop.Services.Order.Api.csproj", "{C8BC1D3C-B1F4-4127-B0BD-ED34D4E1288C}"
EndProject
Project("{9A19103F-16F7-4668-BE54-9A1E7A4F7556}") = "OnlineShop.Services.Order.BusinessLayer", "OnlineShop.Services.Order.BusinessLayer\OnlineShop.Services.Order.BusinessLayer.csproj", "{74BD0A0A-71A7-4553-8862-3FCA6E5DC4A3}"
EndProject
Project("{9A19103F-16F7-4668-BE54-9A1E7A4F7556}") = "OnlineShop.Services.Order.DataLayer", "OnlineShop.Services.Order.DataLayer\OnlineShop.Services.Order.DataLayer.csproj", "{F2A218DC-FBF2-4318-BED0-128BF07AF826}"
EndProject
Project("{2150E333-8FDC-42A3-9474-1A3956D46DE8}") = "Shared", "Shared", "{1B0AD844-F9B9-462D-BB59-039D49F217DB}"
EndProject
Project("{9A19103F-16F7-4668-BE54-9A1E7A4F7556}") = "OnlineShop.Shared", "OnlineShop.Shared\OnlineShop.Shared.csproj", "{1477660E-09CA-4037-858F-219BF0ECE85B}"
EndProject
Project("{2150E333-8FDC-42A3-9474-1A3956D46DE8}") = "ApiGateway", "ApiGateway", "{AF452B9C-733B-48DF-A782-C23C7978B25F}"
EndProject
Project("{9A19103F-16F7-4668-BE54-9A1E7A4F7556}") = "OnlineShop.ApiGateway.Ocelot", "OnlineShop.ApiGateway.Ocelot\OnlineShop.ApiGateway.Ocelot.csproj", "{22BFE5BF-E55E-4BDD-8FCC-5FD1C007F4F9}"
EndProject
Project("{9A19103F-16F7-4668-BE54-9A1E7A4F7556}") = "OnlineShop.Services.Auth.Tests", "OnlineShop.Services.Auth.Tests\OnlineShop.Services.Auth.Tests.csproj", "{59168D57-FAD2-44F7-BA36-93776588CF5A}"
EndProject
Project("{FAE04EC0-301F-11D3-BF4B-00C04F79EFBC}") = "OnlineShop.Services.Catalog.Tests", "OnlineShop.Services.Catalog.Tests\OnlineShop.Services.Catalog.Tests.csproj", "{6AABA2C2-F872-4CA7-A250-EA991CED8E20}"
EndProject
Global
	GlobalSection(SolutionConfigurationPlatforms) = preSolution
		Debug|Any CPU = Debug|Any CPU
		Release|Any CPU = Release|Any CPU
	EndGlobalSection
	GlobalSection(ProjectConfigurationPlatforms) = postSolution
		{7FECDA66-0F09-4D1C-85B6-1B213ED27395}.Debug|Any CPU.ActiveCfg = Debug|Any CPU
		{7FECDA66-0F09-4D1C-85B6-1B213ED27395}.Debug|Any CPU.Build.0 = Debug|Any CPU
		{7FECDA66-0F09-4D1C-85B6-1B213ED27395}.Release|Any CPU.ActiveCfg = Release|Any CPU
		{7FECDA66-0F09-4D1C-85B6-1B213ED27395}.Release|Any CPU.Build.0 = Release|Any CPU
		{9108F707-FBEB-452A-A414-7A3AFD4704A8}.Debug|Any CPU.ActiveCfg = Debug|Any CPU
		{9108F707-FBEB-452A-A414-7A3AFD4704A8}.Debug|Any CPU.Build.0 = Debug|Any CPU
		{9108F707-FBEB-452A-A414-7A3AFD4704A8}.Release|Any CPU.ActiveCfg = Release|Any CPU
		{9108F707-FBEB-452A-A414-7A3AFD4704A8}.Release|Any CPU.Build.0 = Release|Any CPU
		{5C379F72-8BC3-4541-BCB4-0645685C2744}.Debug|Any CPU.ActiveCfg = Debug|Any CPU
		{5C379F72-8BC3-4541-BCB4-0645685C2744}.Debug|Any CPU.Build.0 = Debug|Any CPU
		{5C379F72-8BC3-4541-BCB4-0645685C2744}.Release|Any CPU.ActiveCfg = Release|Any CPU
		{5C379F72-8BC3-4541-BCB4-0645685C2744}.Release|Any CPU.Build.0 = Release|Any CPU
		{19149C6F-AB25-48CB-A6E4-1147AA4E4B3C}.Debug|Any CPU.ActiveCfg = Debug|Any CPU
		{19149C6F-AB25-48CB-A6E4-1147AA4E4B3C}.Debug|Any CPU.Build.0 = Debug|Any CPU
		{19149C6F-AB25-48CB-A6E4-1147AA4E4B3C}.Release|Any CPU.ActiveCfg = Release|Any CPU
		{19149C6F-AB25-48CB-A6E4-1147AA4E4B3C}.Release|Any CPU.Build.0 = Release|Any CPU
		{376C2608-3612-4D61-A9FE-35D053D728AB}.Debug|Any CPU.ActiveCfg = Debug|Any CPU
		{376C2608-3612-4D61-A9FE-35D053D728AB}.Debug|Any CPU.Build.0 = Debug|Any CPU
		{376C2608-3612-4D61-A9FE-35D053D728AB}.Release|Any CPU.ActiveCfg = Release|Any CPU
		{376C2608-3612-4D61-A9FE-35D053D728AB}.Release|Any CPU.Build.0 = Release|Any CPU
		{D8E1A208-9678-48A1-8F45-7FFFAC973DBF}.Debug|Any CPU.ActiveCfg = Debug|Any CPU
		{D8E1A208-9678-48A1-8F45-7FFFAC973DBF}.Debug|Any CPU.Build.0 = Debug|Any CPU
		{D8E1A208-9678-48A1-8F45-7FFFAC973DBF}.Release|Any CPU.ActiveCfg = Release|Any CPU
		{D8E1A208-9678-48A1-8F45-7FFFAC973DBF}.Release|Any CPU.Build.0 = Release|Any CPU
		{691232F4-CF3E-4EC3-B4FB-F300893470B6}.Debug|Any CPU.ActiveCfg = Debug|Any CPU
		{691232F4-CF3E-4EC3-B4FB-F300893470B6}.Debug|Any CPU.Build.0 = Debug|Any CPU
		{691232F4-CF3E-4EC3-B4FB-F300893470B6}.Release|Any CPU.ActiveCfg = Release|Any CPU
		{691232F4-CF3E-4EC3-B4FB-F300893470B6}.Release|Any CPU.Build.0 = Release|Any CPU
		{9435B095-12B9-4FAD-9C99-A120D07538F1}.Debug|Any CPU.ActiveCfg = Debug|Any CPU
		{9435B095-12B9-4FAD-9C99-A120D07538F1}.Debug|Any CPU.Build.0 = Debug|Any CPU
		{9435B095-12B9-4FAD-9C99-A120D07538F1}.Release|Any CPU.ActiveCfg = Release|Any CPU
		{9435B095-12B9-4FAD-9C99-A120D07538F1}.Release|Any CPU.Build.0 = Release|Any CPU
		{A5AFCBF1-6591-4D60-9C71-F3BA02A866B7}.Debug|Any CPU.ActiveCfg = Debug|Any CPU
		{A5AFCBF1-6591-4D60-9C71-F3BA02A866B7}.Debug|Any CPU.Build.0 = Debug|Any CPU
		{A5AFCBF1-6591-4D60-9C71-F3BA02A866B7}.Release|Any CPU.ActiveCfg = Release|Any CPU
		{A5AFCBF1-6591-4D60-9C71-F3BA02A866B7}.Release|Any CPU.Build.0 = Release|Any CPU
		{0381F796-3305-4202-9FC9-FE891EF91806}.Debug|Any CPU.ActiveCfg = Debug|Any CPU
		{0381F796-3305-4202-9FC9-FE891EF91806}.Debug|Any CPU.Build.0 = Debug|Any CPU
		{0381F796-3305-4202-9FC9-FE891EF91806}.Release|Any CPU.ActiveCfg = Release|Any CPU
		{0381F796-3305-4202-9FC9-FE891EF91806}.Release|Any CPU.Build.0 = Release|Any CPU
		{489A9215-D879-49ED-AB9F-CBBB53CEBECD}.Debug|Any CPU.ActiveCfg = Debug|Any CPU
		{489A9215-D879-49ED-AB9F-CBBB53CEBECD}.Debug|Any CPU.Build.0 = Debug|Any CPU
		{489A9215-D879-49ED-AB9F-CBBB53CEBECD}.Release|Any CPU.ActiveCfg = Release|Any CPU
		{489A9215-D879-49ED-AB9F-CBBB53CEBECD}.Release|Any CPU.Build.0 = Release|Any CPU
		{C8BC1D3C-B1F4-4127-B0BD-ED34D4E1288C}.Debug|Any CPU.ActiveCfg = Debug|Any CPU
		{C8BC1D3C-B1F4-4127-B0BD-ED34D4E1288C}.Debug|Any CPU.Build.0 = Debug|Any CPU
		{C8BC1D3C-B1F4-4127-B0BD-ED34D4E1288C}.Release|Any CPU.ActiveCfg = Release|Any CPU
		{C8BC1D3C-B1F4-4127-B0BD-ED34D4E1288C}.Release|Any CPU.Build.0 = Release|Any CPU
		{74BD0A0A-71A7-4553-8862-3FCA6E5DC4A3}.Debug|Any CPU.ActiveCfg = Debug|Any CPU
		{74BD0A0A-71A7-4553-8862-3FCA6E5DC4A3}.Debug|Any CPU.Build.0 = Debug|Any CPU
		{74BD0A0A-71A7-4553-8862-3FCA6E5DC4A3}.Release|Any CPU.ActiveCfg = Release|Any CPU
		{74BD0A0A-71A7-4553-8862-3FCA6E5DC4A3}.Release|Any CPU.Build.0 = Release|Any CPU
		{F2A218DC-FBF2-4318-BED0-128BF07AF826}.Debug|Any CPU.ActiveCfg = Debug|Any CPU
		{F2A218DC-FBF2-4318-BED0-128BF07AF826}.Debug|Any CPU.Build.0 = Debug|Any CPU
		{F2A218DC-FBF2-4318-BED0-128BF07AF826}.Release|Any CPU.ActiveCfg = Release|Any CPU
		{F2A218DC-FBF2-4318-BED0-128BF07AF826}.Release|Any CPU.Build.0 = Release|Any CPU
		{1477660E-09CA-4037-858F-219BF0ECE85B}.Debug|Any CPU.ActiveCfg = Debug|Any CPU
		{1477660E-09CA-4037-858F-219BF0ECE85B}.Debug|Any CPU.Build.0 = Debug|Any CPU
		{1477660E-09CA-4037-858F-219BF0ECE85B}.Release|Any CPU.ActiveCfg = Release|Any CPU
		{1477660E-09CA-4037-858F-219BF0ECE85B}.Release|Any CPU.Build.0 = Release|Any CPU
		{22BFE5BF-E55E-4BDD-8FCC-5FD1C007F4F9}.Debug|Any CPU.ActiveCfg = Debug|Any CPU
		{22BFE5BF-E55E-4BDD-8FCC-5FD1C007F4F9}.Debug|Any CPU.Build.0 = Debug|Any CPU
		{22BFE5BF-E55E-4BDD-8FCC-5FD1C007F4F9}.Release|Any CPU.ActiveCfg = Release|Any CPU
		{22BFE5BF-E55E-4BDD-8FCC-5FD1C007F4F9}.Release|Any CPU.Build.0 = Release|Any CPU
		{59168D57-FAD2-44F7-BA36-93776588CF5A}.Debug|Any CPU.ActiveCfg = Debug|Any CPU
		{59168D57-FAD2-44F7-BA36-93776588CF5A}.Debug|Any CPU.Build.0 = Debug|Any CPU
		{59168D57-FAD2-44F7-BA36-93776588CF5A}.Release|Any CPU.ActiveCfg = Release|Any CPU
		{59168D57-FAD2-44F7-BA36-93776588CF5A}.Release|Any CPU.Build.0 = Release|Any CPU
		{6AABA2C2-F872-4CA7-A250-EA991CED8E20}.Debug|Any CPU.ActiveCfg = Debug|Any CPU
		{6AABA2C2-F872-4CA7-A250-EA991CED8E20}.Debug|Any CPU.Build.0 = Debug|Any CPU
		{6AABA2C2-F872-4CA7-A250-EA991CED8E20}.Release|Any CPU.ActiveCfg = Release|Any CPU
		{6AABA2C2-F872-4CA7-A250-EA991CED8E20}.Release|Any CPU.Build.0 = Release|Any CPU
	EndGlobalSection
	GlobalSection(SolutionProperties) = preSolution
		HideSolutionNode = FALSE
	EndGlobalSection
	GlobalSection(NestedProjects) = preSolution
		{7FECDA66-0F09-4D1C-85B6-1B213ED27395} = {C4DEAD12-D4BD-4A58-9C25-9F6A93D0B4DA}
		{C4DEAD12-D4BD-4A58-9C25-9F6A93D0B4DA} = {D6960493-CA30-49E5-81A5-FBE369F6F53B}
		{9108F707-FBEB-452A-A414-7A3AFD4704A8} = {C4DEAD12-D4BD-4A58-9C25-9F6A93D0B4DA}
		{5C379F72-8BC3-4541-BCB4-0645685C2744} = {C4DEAD12-D4BD-4A58-9C25-9F6A93D0B4DA}
		{0A9A6E9C-40FA-468D-833C-F0BEBBB2400E} = {D6960493-CA30-49E5-81A5-FBE369F6F53B}
		{19149C6F-AB25-48CB-A6E4-1147AA4E4B3C} = {0A9A6E9C-40FA-468D-833C-F0BEBBB2400E}
		{376C2608-3612-4D61-A9FE-35D053D728AB} = {0A9A6E9C-40FA-468D-833C-F0BEBBB2400E}
		{D8E1A208-9678-48A1-8F45-7FFFAC973DBF} = {0A9A6E9C-40FA-468D-833C-F0BEBBB2400E}
		{691232F4-CF3E-4EC3-B4FB-F300893470B6} = {0A9A6E9C-40FA-468D-833C-F0BEBBB2400E}
		{2D7F7451-7FB2-4FB9-8F03-58CC9891CF5C} = {D6960493-CA30-49E5-81A5-FBE369F6F53B}
		{9435B095-12B9-4FAD-9C99-A120D07538F1} = {2D7F7451-7FB2-4FB9-8F03-58CC9891CF5C}
		{A5AFCBF1-6591-4D60-9C71-F3BA02A866B7} = {2D7F7451-7FB2-4FB9-8F03-58CC9891CF5C}
		{0381F796-3305-4202-9FC9-FE891EF91806} = {2D7F7451-7FB2-4FB9-8F03-58CC9891CF5C}
		{DD0D4BE2-5811-4638-8FA5-3765A2450B26} = {D6960493-CA30-49E5-81A5-FBE369F6F53B}
		{C8BC1D3C-B1F4-4127-B0BD-ED34D4E1288C} = {DD0D4BE2-5811-4638-8FA5-3765A2450B26}
		{74BD0A0A-71A7-4553-8862-3FCA6E5DC4A3} = {DD0D4BE2-5811-4638-8FA5-3765A2450B26}
		{F2A218DC-FBF2-4318-BED0-128BF07AF826} = {DD0D4BE2-5811-4638-8FA5-3765A2450B26}
		{1477660E-09CA-4037-858F-219BF0ECE85B} = {1B0AD844-F9B9-462D-BB59-039D49F217DB}
		{22BFE5BF-E55E-4BDD-8FCC-5FD1C007F4F9} = {AF452B9C-733B-48DF-A782-C23C7978B25F}
		{59168D57-FAD2-44F7-BA36-93776588CF5A} = {C4DEAD12-D4BD-4A58-9C25-9F6A93D0B4DA}
		{6AABA2C2-F872-4CA7-A250-EA991CED8E20} = {0A9A6E9C-40FA-468D-833C-F0BEBBB2400E}
	EndGlobalSection
	GlobalSection(ExtensibilityGlobals) = postSolution
		SolutionGuid = {13B922CB-F014-47CA-BEAA-1F354DE3EFCB}
	EndGlobalSection
EndGlobal
